
Microsoft Visual Studio Solution File, Format Version 12.00
Project("{FAE04EC0-301F-11D3-BF4B-00C04F79EFBC}") = "Homework_19", "Homework_19\Homework_19.csproj", "{0C985CCA-19D1-48F7-BE66-53E91E533439}"
EndProject
Project("{FAE04EC0-301F-11D3-BF4B-00C04F79EFBC}") = "Homework_19.Data", "Homework_19.Data\Homework_19.Data.csproj", "{B2C66833-257B-4184-8C79-E96DD9167EA2}"
EndProject
Project("{FAE04EC0-301F-11D3-BF4B-00C04F79EFBC}") = "Homework_19.Domain", "Homework_19.Domain\Homework_19.Domain.csproj", "{DFE5BA5C-E26F-4C20-8C2A-A32ABEA45967}"
EndProject
Global
	GlobalSection(SolutionConfigurationPlatforms) = preSolution
		Debug|Any CPU = Debug|Any CPU
		Release|Any CPU = Release|Any CPU
	EndGlobalSection
	GlobalSection(ProjectConfigurationPlatforms) = postSolution
		{0C985CCA-19D1-48F7-BE66-53E91E533439}.Debug|Any CPU.ActiveCfg = Debug|Any CPU
		{0C985CCA-19D1-48F7-BE66-53E91E533439}.Debug|Any CPU.Build.0 = Debug|Any CPU
		{0C985CCA-19D1-48F7-BE66-53E91E533439}.Release|Any CPU.ActiveCfg = Release|Any CPU
		{0C985CCA-19D1-48F7-BE66-53E91E533439}.Release|Any CPU.Build.0 = Release|Any CPU
		{B2C66833-257B-4184-8C79-E96DD9167EA2}.Debug|Any CPU.ActiveCfg = Debug|Any CPU
		{B2C66833-257B-4184-8C79-E96DD9167EA2}.Debug|Any CPU.Build.0 = Debug|Any CPU
		{B2C66833-257B-4184-8C79-E96DD9167EA2}.Release|Any CPU.ActiveCfg = Release|Any CPU
		{B2C66833-257B-4184-8C79-E96DD9167EA2}.Release|Any CPU.Build.0 = Release|Any CPU
		{DFE5BA5C-E26F-4C20-8C2A-A32ABEA45967}.Debug|Any CPU.ActiveCfg = Debug|Any CPU
		{DFE5BA5C-E26F-4C20-8C2A-A32ABEA45967}.Debug|Any CPU.Build.0 = Debug|Any CPU
		{DFE5BA5C-E26F-4C20-8C2A-A32ABEA45967}.Release|Any CPU.ActiveCfg = Release|Any CPU
		{DFE5BA5C-E26F-4C20-8C2A-A32ABEA45967}.Release|Any CPU.Build.0 = Release|Any CPU
	EndGlobalSection
EndGlobal
